// !$*UTF8*$!
{
	archiveVersion = 1;
	classes = {
	};
	objectVersion = 50;
	objects = {

/* Begin PBXBuildFile section */
		85256EF1233FD2E80048AE70 /* AppDelegate.swift in Sources */ = {isa = PBXBuildFile; fileRef = 85256EF0233FD2E80048AE70 /* AppDelegate.swift */; };
		85256EF3233FD2E80048AE70 /* SceneDelegate.swift in Sources */ = {isa = PBXBuildFile; fileRef = 85256EF2233FD2E80048AE70 /* SceneDelegate.swift */; };
		85256EF5233FD2E80048AE70 /* ViewController.swift in Sources */ = {isa = PBXBuildFile; fileRef = 85256EF4233FD2E80048AE70 /* ViewController.swift */; };
		85256EF8233FD2E80048AE70 /* Main.storyboard in Resources */ = {isa = PBXBuildFile; fileRef = 85256EF6233FD2E80048AE70 /* Main.storyboard */; };
		85256EFA233FD2E90048AE70 /* Assets.xcassets in Resources */ = {isa = PBXBuildFile; fileRef = 85256EF9233FD2E90048AE70 /* Assets.xcassets */; };
		85256EFD233FD2E90048AE70 /* LaunchScreen.storyboard in Resources */ = {isa = PBXBuildFile; fileRef = 85256EFB233FD2E90048AE70 /* LaunchScreen.storyboard */; };
		85256F08233FD2E90048AE70 /* FunnyMomentsTests.swift in Sources */ = {isa = PBXBuildFile; fileRef = 85256F07233FD2E90048AE70 /* FunnyMomentsTests.swift */; };
		85256F13233FD2E90048AE70 /* FunnyMomentsUITests.swift in Sources */ = {isa = PBXBuildFile; fileRef = 85256F12233FD2E90048AE70 /* FunnyMomentsUITests.swift */; };
/* End PBXBuildFile section */

/* Begin PBXContainerItemProxy section */
		85256F04233FD2E90048AE70 /* PBXContainerItemProxy */ = {
			isa = PBXContainerItemProxy;
			containerPortal = 85256EE5233FD2E80048AE70 /* Project object */;
			proxyType = 1;
			remoteGlobalIDString = 85256EEC233FD2E80048AE70;
			remoteInfo = FunnyMoments;
		};
		85256F0F233FD2E90048AE70 /* PBXContainerItemProxy */ = {
			isa = PBXContainerItemProxy;
			containerPortal = 85256EE5233FD2E80048AE70 /* Project object */;
			proxyType = 1;
			remoteGlobalIDString = 85256EEC233FD2E80048AE70;
			remoteInfo = FunnyMoments;
		};
/* End PBXContainerItemProxy section */

/* Begin PBXFileReference section */
		85256EED233FD2E80048AE70 /* FunnyMoments.app */ = {isa = PBXFileReference; explicitFileType = wrapper.application; includeInIndex = 0; path = FunnyMoments.app; sourceTree = BUILT_PRODUCTS_DIR; };
		85256EF0233FD2E80048AE70 /* AppDelegate.swift */ = {isa = PBXFileReference; lastKnownFileType = sourcecode.swift; path = AppDelegate.swift; sourceTree = "<group>"; };
		85256EF2233FD2E80048AE70 /* SceneDelegate.swift */ = {isa = PBXFileReference; lastKnownFileType = sourcecode.swift; path = SceneDelegate.swift; sourceTree = "<group>"; };
		85256EF4233FD2E80048AE70 /* ViewController.swift */ = {isa = PBXFileReference; lastKnownFileType = sourcecode.swift; path = ViewController.swift; sourceTree = "<group>"; };
		85256EF7233FD2E80048AE70 /* Base */ = {isa = PBXFileReference; lastKnownFileType = file.storyboard; name = Base; path = Base.lproj/Main.storyboard; sourceTree = "<group>"; };
		85256EF9233FD2E90048AE70 /* Assets.xcassets */ = {isa = PBXFileReference; lastKnownFileType = folder.assetcatalog; path = Assets.xcassets; sourceTree = "<group>"; };
		85256EFC233FD2E90048AE70 /* Base */ = {isa = PBXFileReference; lastKnownFileType = file.storyboard; name = Base; path = Base.lproj/LaunchScreen.storyboard; sourceTree = "<group>"; };
		85256EFE233FD2E90048AE70 /* Info.plist */ = {isa = PBXFileReference; lastKnownFileType = text.plist.xml; path = Info.plist; sourceTree = "<group>"; };
		85256F03233FD2E90048AE70 /* FunnyMomentsTests.xctest */ = {isa = PBXFileReference; explicitFileType = wrapper.cfbundle; includeInIndex = 0; path = FunnyMomentsTests.xctest; sourceTree = BUILT_PRODUCTS_DIR; };
		85256F07233FD2E90048AE70 /* FunnyMomentsTests.swift */ = {isa = PBXFileReference; lastKnownFileType = sourcecode.swift; path = FunnyMomentsTests.swift; sourceTree = "<group>"; };
		85256F09233FD2E90048AE70 /* Info.plist */ = {isa = PBXFileReference; lastKnownFileType = text.plist.xml; path = Info.plist; sourceTree = "<group>"; };
		85256F0E233FD2E90048AE70 /* FunnyMomentsUITests.xctest */ = {isa = PBXFileReference; explicitFileType = wrapper.cfbundle; includeInIndex = 0; path = FunnyMomentsUITests.xctest; sourceTree = BUILT_PRODUCTS_DIR; };
		85256F12233FD2E90048AE70 /* FunnyMomentsUITests.swift */ = {isa = PBXFileReference; lastKnownFileType = sourcecode.swift; path = FunnyMomentsUITests.swift; sourceTree = "<group>"; };
		85256F14233FD2E90048AE70 /* Info.plist */ = {isa = PBXFileReference; lastKnownFileType = text.plist.xml; path = Info.plist; sourceTree = "<group>"; };
/* End PBXFileReference section */

/* Begin PBXFrameworksBuildPhase section */
		85256EEA233FD2E80048AE70 /* Frameworks */ = {
			isa = PBXFrameworksBuildPhase;
			buildActionMask = 2147483647;
			files = (
			);
			runOnlyForDeploymentPostprocessing = 0;
		};
		85256F00233FD2E90048AE70 /* Frameworks */ = {
			isa = PBXFrameworksBuildPhase;
			buildActionMask = 2147483647;
			files = (
			);
			runOnlyForDeploymentPostprocessing = 0;
		};
		85256F0B233FD2E90048AE70 /* Frameworks */ = {
			isa = PBXFrameworksBuildPhase;
			buildActionMask = 2147483647;
			files = (
			);
			runOnlyForDeploymentPostprocessing = 0;
		};
/* End PBXFrameworksBuildPhase section */

/* Begin PBXGroup section */
		85256EE4233FD2E80048AE70 = {
			isa = PBXGroup;
			children = (
				85256EEF233FD2E80048AE70 /* FunnyMoments */,
				85256F06233FD2E90048AE70 /* FunnyMomentsTests */,
				85256F11233FD2E90048AE70 /* FunnyMomentsUITests */,
				85256EEE233FD2E80048AE70 /* Products */,
			);
			sourceTree = "<group>";
		};
		85256EEE233FD2E80048AE70 /* Products */ = {
			isa = PBXGroup;
			children = (
				85256EED233FD2E80048AE70 /* FunnyMoments.app */,
				85256F03233FD2E90048AE70 /* FunnyMomentsTests.xctest */,
				85256F0E233FD2E90048AE70 /* FunnyMomentsUITests.xctest */,
			);
			name = Products;
			sourceTree = "<group>";
		};
		85256EEF233FD2E80048AE70 /* FunnyMoments */ = {
			isa = PBXGroup;
			children = (
				85256EF0233FD2E80048AE70 /* AppDelegate.swift */,
				85256EF2233FD2E80048AE70 /* SceneDelegate.swift */,
				85256EF4233FD2E80048AE70 /* ViewController.swift */,
				85256EF6233FD2E80048AE70 /* Main.storyboard */,
				85256EF9233FD2E90048AE70 /* Assets.xcassets */,
				85256EFB233FD2E90048AE70 /* LaunchScreen.storyboard */,
				85256EFE233FD2E90048AE70 /* Info.plist */,
			);
			path = FunnyMoments;
			sourceTree = "<group>";
		};
		85256F06233FD2E90048AE70 /* FunnyMomentsTests */ = {
			isa = PBXGroup;
			children = (
				85256F07233FD2E90048AE70 /* FunnyMomentsTests.swift */,
				85256F09233FD2E90048AE70 /* Info.plist */,
			);
			path = FunnyMomentsTests;
			sourceTree = "<group>";
		};
		85256F11233FD2E90048AE70 /* FunnyMomentsUITests */ = {
			isa = PBXGroup;
			children = (
				85256F12233FD2E90048AE70 /* FunnyMomentsUITests.swift */,
				85256F14233FD2E90048AE70 /* Info.plist */,
			);
			path = FunnyMomentsUITests;
			sourceTree = "<group>";
		};
/* End PBXGroup section */

/* Begin PBXNativeTarget section */
		85256EEC233FD2E80048AE70 /* FunnyMoments */ = {
			isa = PBXNativeTarget;
			buildConfigurationList = 85256F17233FD2E90048AE70 /* Build configuration list for PBXNativeTarget "FunnyMoments" */;
			buildPhases = (
				85256EE9233FD2E80048AE70 /* Sources */,
				85256EEA233FD2E80048AE70 /* Frameworks */,
				85256EEB233FD2E80048AE70 /* Resources */,
			);
			buildRules = (
			);
			dependencies = (
			);
			name = FunnyMoments;
			productName = FunnyMoments;
			productReference = 85256EED233FD2E80048AE70 /* FunnyMoments.app */;
			productType = "com.apple.product-type.application";
		};
		85256F02233FD2E90048AE70 /* FunnyMomentsTests */ = {
			isa = PBXNativeTarget;
			buildConfigurationList = 85256F1A233FD2E90048AE70 /* Build configuration list for PBXNativeTarget "FunnyMomentsTests" */;
			buildPhases = (
				85256EFF233FD2E90048AE70 /* Sources */,
				85256F00233FD2E90048AE70 /* Frameworks */,
				85256F01233FD2E90048AE70 /* Resources */,
			);
			buildRules = (
			);
			dependencies = (
				85256F05233FD2E90048AE70 /* PBXTargetDependency */,
			);
			name = FunnyMomentsTests;
			productName = FunnyMomentsTests;
			productReference = 85256F03233FD2E90048AE70 /* FunnyMomentsTests.xctest */;
			productType = "com.apple.product-type.bundle.unit-test";
		};
		85256F0D233FD2E90048AE70 /* FunnyMomentsUITests */ = {
			isa = PBXNativeTarget;
			buildConfigurationList = 85256F1D233FD2E90048AE70 /* Build configuration list for PBXNativeTarget "FunnyMomentsUITests" */;
			buildPhases = (
				85256F0A233FD2E90048AE70 /* Sources */,
				85256F0B233FD2E90048AE70 /* Frameworks */,
				85256F0C233FD2E90048AE70 /* Resources */,
			);
			buildRules = (
			);
			dependencies = (
				85256F10233FD2E90048AE70 /* PBXTargetDependency */,
			);
			name = FunnyMomentsUITests;
			productName = FunnyMomentsUITests;
			productReference = 85256F0E233FD2E90048AE70 /* FunnyMomentsUITests.xctest */;
			productType = "com.apple.product-type.bundle.ui-testing";
		};
/* End PBXNativeTarget section */

/* Begin PBXProject section */
		85256EE5233FD2E80048AE70 /* Project object */ = {
			isa = PBXProject;
			attributes = {
				LastSwiftUpdateCheck = 1100;
				LastUpgradeCheck = 1100;
				ORGANIZATIONNAME = fork;
				TargetAttributes = {
					85256EEC233FD2E80048AE70 = {
						CreatedOnToolsVersion = 11.0;
					};
					85256F02233FD2E90048AE70 = {
						CreatedOnToolsVersion = 11.0;
						TestTargetID = 85256EEC233FD2E80048AE70;
					};
					85256F0D233FD2E90048AE70 = {
						CreatedOnToolsVersion = 11.0;
						TestTargetID = 85256EEC233FD2E80048AE70;
					};
				};
			};
			buildConfigurationList = 85256EE8233FD2E80048AE70 /* Build configuration list for PBXProject "FunnyMoments" */;
			compatibilityVersion = "Xcode 9.3";
			developmentRegion = en;
			hasScannedForEncodings = 0;
			knownRegions = (
				en,
				Base,
			);
			mainGroup = 85256EE4233FD2E80048AE70;
			productRefGroup = 85256EEE233FD2E80048AE70 /* Products */;
			projectDirPath = "";
			projectRoot = "";
			targets = (
				85256EEC233FD2E80048AE70 /* FunnyMoments */,
				85256F02233FD2E90048AE70 /* FunnyMomentsTests */,
				85256F0D233FD2E90048AE70 /* FunnyMomentsUITests */,
			);
		};
/* End PBXProject section */

/* Begin PBXResourcesBuildPhase section */
		85256EEB233FD2E80048AE70 /* Resources */ = {
			isa = PBXResourcesBuildPhase;
			buildActionMask = 2147483647;
			files = (
				85256EFD233FD2E90048AE70 /* LaunchScreen.storyboard in Resources */,
				85256EFA233FD2E90048AE70 /* Assets.xcassets in Resources */,
				85256EF8233FD2E80048AE70 /* Main.storyboard in Resources */,
			);
			runOnlyForDeploymentPostprocessing = 0;
		};
		85256F01233FD2E90048AE70 /* Resources */ = {
			isa = PBXResourcesBuildPhase;
			buildActionMask = 2147483647;
			files = (
			);
			runOnlyForDeploymentPostprocessing = 0;
		};
		85256F0C233FD2E90048AE70 /* Resources */ = {
			isa = PBXResourcesBuildPhase;
			buildActionMask = 2147483647;
			files = (
			);
			runOnlyForDeploymentPostprocessing = 0;
		};
/* End PBXResourcesBuildPhase section */

/* Begin PBXSourcesBuildPhase section */
		85256EE9233FD2E80048AE70 /* Sources */ = {
			isa = PBXSourcesBuildPhase;
			buildActionMask = 2147483647;
			files = (
				85256EF5233FD2E80048AE70 /* ViewController.swift in Sources */,
				85256EF1233FD2E80048AE70 /* AppDelegate.swift in Sources */,
				85256EF3233FD2E80048AE70 /* SceneDelegate.swift in Sources */,
			);
			runOnlyForDeploymentPostprocessing = 0;
		};
		85256EFF233FD2E90048AE70 /* Sources */ = {
			isa = PBXSourcesBuildPhase;
			buildActionMask = 2147483647;
			files = (
				85256F08233FD2E90048AE70 /* FunnyMomentsTests.swift in Sources */,
			);
			runOnlyForDeploymentPostprocessing = 0;
		};
		85256F0A233FD2E90048AE70 /* Sources */ = {
			isa = PBXSourcesBuildPhase;
			buildActionMask = 2147483647;
			files = (
				85256F13233FD2E90048AE70 /* FunnyMomentsUITests.swift in Sources */,
			);
			runOnlyForDeploymentPostprocessing = 0;
		};
/* End PBXSourcesBuildPhase section */

/* Begin PBXTargetDependency section */
		85256F05233FD2E90048AE70 /* PBXTargetDependency */ = {
			isa = PBXTargetDependency;
			target = 85256EEC233FD2E80048AE70 /* FunnyMoments */;
			targetProxy = 85256F04233FD2E90048AE70 /* PBXContainerItemProxy */;
		};
		85256F10233FD2E90048AE70 /* PBXTargetDependency */ = {
			isa = PBXTargetDependency;
			target = 85256EEC233FD2E80048AE70 /* FunnyMoments */;
			targetProxy = 85256F0F233FD2E90048AE70 /* PBXContainerItemProxy */;
		};
/* End PBXTargetDependency section */

/* Begin PBXVariantGroup section */
		85256EF6233FD2E80048AE70 /* Main.storyboard */ = {
			isa = PBXVariantGroup;
			children = (
				85256EF7233FD2E80048AE70 /* Base */,
			);
			name = Main.storyboard;
			sourceTree = "<group>";
		};
		85256EFB233FD2E90048AE70 /* LaunchScreen.storyboard */ = {
			isa = PBXVariantGroup;
			children = (
				85256EFC233FD2E90048AE70 /* Base */,
			);
			name = LaunchScreen.storyboard;
			sourceTree = "<group>";
		};
/* End PBXVariantGroup section */

/* Begin XCBuildConfiguration section */
		85256F15233FD2E90048AE70 /* Debug */ = {
			isa = XCBuildConfiguration;
			buildSettings = {
				ALWAYS_SEARCH_USER_PATHS = NO;
				CLANG_ANALYZER_NONNULL = YES;
				CLANG_ANALYZER_NUMBER_OBJECT_CONVERSION = YES_AGGRESSIVE;
				CLANG_CXX_LANGUAGE_STANDARD = "gnu++14";
				CLANG_CXX_LIBRARY = "libc++";
				CLANG_ENABLE_MODULES = YES;
				CLANG_ENABLE_OBJC_ARC = YES;
				CLANG_ENABLE_OBJC_WEAK = YES;
				CLANG_WARN_BLOCK_CAPTURE_AUTORELEASING = YES;
				CLANG_WARN_BOOL_CONVERSION = YES;
				CLANG_WARN_COMMA = YES;
				CLANG_WARN_CONSTANT_CONVERSION = YES;
				CLANG_WARN_DEPRECATED_OBJC_IMPLEMENTATIONS = YES;
				CLANG_WARN_DIRECT_OBJC_ISA_USAGE = YES_ERROR;
				CLANG_WARN_DOCUMENTATION_COMMENTS = YES;
				CLANG_WARN_EMPTY_BODY = YES;
				CLANG_WARN_ENUM_CONVERSION = YES;
				CLANG_WARN_INFINITE_RECURSION = YES;
				CLANG_WARN_INT_CONVERSION = YES;
				CLANG_WARN_NON_LITERAL_NULL_CONVERSION = YES;
				CLANG_WARN_OBJC_IMPLICIT_RETAIN_SELF = YES;
				CLANG_WARN_OBJC_LITERAL_CONVERSION = YES;
				CLANG_WARN_OBJC_ROOT_CLASS = YES_ERROR;
				CLANG_WARN_RANGE_LOOP_ANALYSIS = YES;
				CLANG_WARN_STRICT_PROTOTYPES = YES;
				CLANG_WARN_SUSPICIOUS_MOVE = YES;
				CLANG_WARN_UNGUARDED_AVAILABILITY = YES_AGGRESSIVE;
				CLANG_WARN_UNREACHABLE_CODE = YES;
				CLANG_WARN__DUPLICATE_METHOD_MATCH = YES;
				COPY_PHASE_STRIP = NO;
				DEBUG_INFORMATION_FORMAT = dwarf;
				ENABLE_STRICT_OBJC_MSGSEND = YES;
				ENABLE_TESTABILITY = YES;
				GCC_C_LANGUAGE_STANDARD = gnu11;
				GCC_DYNAMIC_NO_PIC = NO;
				GCC_NO_COMMON_BLOCKS = YES;
				GCC_OPTIMIZATION_LEVEL = 0;
				GCC_PREPROCESSOR_DEFINITIONS = (
					"DEBUG=1",
					"$(inherited)",
				);
				GCC_WARN_64_TO_32_BIT_CONVERSION = YES;
				GCC_WARN_ABOUT_RETURN_TYPE = YES_ERROR;
				GCC_WARN_UNDECLARED_SELECTOR = YES;
				GCC_WARN_UNINITIALIZED_AUTOS = YES_AGGRESSIVE;
				GCC_WARN_UNUSED_FUNCTION = YES;
				GCC_WARN_UNUSED_VARIABLE = YES;
				IPHONEOS_DEPLOYMENT_TARGET = 13.0;
				MTL_ENABLE_DEBUG_INFO = INCLUDE_SOURCE;
				MTL_FAST_MATH = YES;
				ONLY_ACTIVE_ARCH = YES;
				SDKROOT = iphoneos;
				SWIFT_ACTIVE_COMPILATION_CONDITIONS = DEBUG;
				SWIFT_OPTIMIZATION_LEVEL = "-Onone";
			};
			name = Debug;
		};
		85256F16233FD2E90048AE70 /* Release */ = {
			isa = XCBuildConfiguration;
			buildSettings = {
				ALWAYS_SEARCH_USER_PATHS = NO;
				CLANG_ANALYZER_NONNULL = YES;
				CLANG_ANALYZER_NUMBER_OBJECT_CONVERSION = YES_AGGRESSIVE;
				CLANG_CXX_LANGUAGE_STANDARD = "gnu++14";
				CLANG_CXX_LIBRARY = "libc++";
				CLANG_ENABLE_MODULES = YES;
				CLANG_ENABLE_OBJC_ARC = YES;
				CLANG_ENABLE_OBJC_WEAK = YES;
				CLANG_WARN_BLOCK_CAPTURE_AUTORELEASING = YES;
				CLANG_WARN_BOOL_CONVERSION = YES;
				CLANG_WARN_COMMA = YES;
				CLANG_WARN_CONSTANT_CONVERSION = YES;
				CLANG_WARN_DEPRECATED_OBJC_IMPLEMENTATIONS = YES;
				CLANG_WARN_DIRECT_OBJC_ISA_USAGE = YES_ERROR;
				CLANG_WARN_DOCUMENTATION_COMMENTS = YES;
				CLANG_WARN_EMPTY_BODY = YES;
				CLANG_WARN_ENUM_CONVERSION = YES;
				CLANG_WARN_INFINITE_RECURSION = YES;
				CLANG_WARN_INT_CONVERSION = YES;
				CLANG_WARN_NON_LITERAL_NULL_CONVERSION = YES;
				CLANG_WARN_OBJC_IMPLICIT_RETAIN_SELF = YES;
				CLANG_WARN_OBJC_LITERAL_CONVERSION = YES;
				CLANG_WARN_OBJC_ROOT_CLASS = YES_ERROR;
				CLANG_WARN_RANGE_LOOP_ANALYSIS = YES;
				CLANG_WARN_STRICT_PROTOTYPES = YES;
				CLANG_WARN_SUSPICIOUS_MOVE = YES;
				CLANG_WARN_UNGUARDED_AVAILABILITY = YES_AGGRESSIVE;
				CLANG_WARN_UNREACHABLE_CODE = YES;
				CLANG_WARN__DUPLICATE_METHOD_MATCH = YES;
				COPY_PHASE_STRIP = NO;
				DEBUG_INFORMATION_FORMAT = "dwarf-with-dsym";
				ENABLE_NS_ASSERTIONS = NO;
				ENABLE_STRICT_OBJC_MSGSEND = YES;
				GCC_C_LANGUAGE_STANDARD = gnu11;
				GCC_NO_COMMON_BLOCKS = YES;
				GCC_WARN_64_TO_32_BIT_CONVERSION = YES;
				GCC_WARN_ABOUT_RETURN_TYPE = YES_ERROR;
				GCC_WARN_UNDECLARED_SELECTOR = YES;
				GCC_WARN_UNINITIALIZED_AUTOS = YES_AGGRESSIVE;
				GCC_WARN_UNUSED_FUNCTION = YES;
				GCC_WARN_UNUSED_VARIABLE = YES;
				IPHONEOS_DEPLOYMENT_TARGET = 13.0;
				MTL_ENABLE_DEBUG_INFO = NO;
				MTL_FAST_MATH = YES;
				SDKROOT = iphoneos;
				SWIFT_COMPILATION_MODE = wholemodule;
				SWIFT_OPTIMIZATION_LEVEL = "-O";
				VALIDATE_PRODUCT = YES;
			};
			name = Release;
		};
		85256F18233FD2E90048AE70 /* Debug */ = {
			isa = XCBuildConfiguration;
			buildSettings = {
				ASSETCATALOG_COMPILER_APPICON_NAME = AppIcon;
				CODE_SIGN_STYLE = Automatic;
				INFOPLIST_FILE = FunnyMoments/Info.plist;
				LD_RUNPATH_SEARCH_PATHS = (
					"$(inherited)",
					"@executable_path/Frameworks",
				);
				PRODUCT_BUNDLE_IDENTIFIER = wafflepanic.FunnyMoments;
				PRODUCT_NAME = "$(TARGET_NAME)";
				SWIFT_VERSION = 5.0;
				TARGETED_DEVICE_FAMILY = "1,2";
			};
			name = Debug;
		};
		85256F19233FD2E90048AE70 /* Release */ = {
			isa = XCBuildConfiguration;
			buildSettings = {
				ASSETCATALOG_COMPILER_APPICON_NAME = AppIcon;
				CODE_SIGN_STYLE = Automatic;
				INFOPLIST_FILE = FunnyMoments/Info.plist;
				LD_RUNPATH_SEARCH_PATHS = (
					"$(inherited)",
					"@executable_path/Frameworks",
				);
				PRODUCT_BUNDLE_IDENTIFIER = wafflepanic.FunnyMoments;
				PRODUCT_NAME = "$(TARGET_NAME)";
				SWIFT_VERSION = 5.0;
				TARGETED_DEVICE_FAMILY = "1,2";
			};
			name = Release;
		};
		85256F1B233FD2E90048AE70 /* Debug */ = {
			isa = XCBuildConfiguration;
			buildSettings = {
				ALWAYS_EMBED_SWIFT_STANDARD_LIBRARIES = YES;
				BUNDLE_LOADER = "$(TEST_HOST)";
				CODE_SIGN_STYLE = Automatic;
				INFOPLIST_FILE = FunnyMomentsTests/Info.plist;
				IPHONEOS_DEPLOYMENT_TARGET = 13.0;
				LD_RUNPATH_SEARCH_PATHS = (
					"$(inherited)",
					"@executable_path/Frameworks",
					"@loader_path/Frameworks",
				);
				PRODUCT_BUNDLE_IDENTIFIER = wafflepanic.FunnyMomentsTests;
				PRODUCT_NAME = "$(TARGET_NAME)";
				SWIFT_VERSION = 5.0;
				TARGETED_DEVICE_FAMILY = "1,2";
				TEST_HOST = "$(BUILT_PRODUCTS_DIR)/FunnyMoments.app/FunnyMoments";
			};
			name = Debug;
		};
		85256F1C233FD2E90048AE70 /* Release */ = {
			isa = XCBuildConfiguration;
			buildSettings = {
				ALWAYS_EMBED_SWIFT_STANDARD_LIBRARIES = YES;
				BUNDLE_LOADER = "$(TEST_HOST)";
				CODE_SIGN_STYLE = Automatic;
				INFOPLIST_FILE = FunnyMomentsTests/Info.plist;
				IPHONEOS_DEPLOYMENT_TARGET = 13.0;
				LD_RUNPATH_SEARCH_PATHS = (
					"$(inherited)",
					"@executable_path/Frameworks",
					"@loader_path/Frameworks",
				);
				PRODUCT_BUNDLE_IDENTIFIER = wafflepanic.FunnyMomentsTests;
				PRODUCT_NAME = "$(TARGET_NAME)";
				SWIFT_VERSION = 5.0;
				TARGETED_DEVICE_FAMILY = "1,2";
				TEST_HOST = "$(BUILT_PRODUCTS_DIR)/FunnyMoments.app/FunnyMoments";
			};
			name = Release;
		};
		85256F1E233FD2E90048AE70 /* Debug */ = {
			isa = XCBuildConfiguration;
			buildSettings = {
				ALWAYS_EMBED_SWIFT_STANDARD_LIBRARIES = YES;
				CODE_SIGN_STYLE = Automatic;
				INFOPLIST_FILE = FunnyMomentsUITests/Info.plist;
				LD_RUNPATH_SEARCH_PATHS = (
					"$(inherited)",
					"@executable_path/Frameworks",
					"@loader_path/Frameworks",
				);
				PRODUCT_BUNDLE_IDENTIFIER = wafflepanic.FunnyMomentsUITests;
				PRODUCT_NAME = "$(TARGET_NAME)";
				SWIFT_VERSION = 5.0;
				TARGETED_DEVICE_FAMILY = "1,2";
				TEST_TARGET_NAME = FunnyMoments;
			};
			name = Debug;
		};
		85256F1F233FD2E90048AE70 /* Release */ = {
			isa = XCBuildConfiguration;
			buildSettings = {
				ALWAYS_EMBED_SWIFT_STANDARD_LIBRARIES = YES;
				CODE_SIGN_STYLE = Automatic;
				INFOPLIST_FILE = FunnyMomentsUITests/Info.plist;
				LD_RUNPATH_SEARCH_PATHS = (
					"$(inherited)",
					"@executable_path/Frameworks",
					"@loader_path/Frameworks",
				);
				PRODUCT_BUNDLE_IDENTIFIER = wafflepanic.FunnyMomentsUITests;
				PRODUCT_NAME = "$(TARGET_NAME)";
				SWIFT_VERSION = 5.0;
				TARGETED_DEVICE_FAMILY = "1,2";
				TEST_TARGET_NAME = FunnyMoments;
			};
			name = Release;
		};
/* End XCBuildConfiguration section */

/* Begin XCConfigurationList section */
		85256EE8233FD2E80048AE70 /* Build configuration list for PBXProject "FunnyMoments" */ = {
			isa = XCConfigurationList;
			buildConfigurations = (
				85256F15233FD2E90048AE70 /* Debug */,
				85256F16233FD2E90048AE70 /* Release */,
			);
			defaultConfigurationIsVisible = 0;
			defaultConfigurationName = Release;
		};
		85256F17233FD2E90048AE70 /* Build configuration list for PBXNativeTarget "FunnyMoments" */ = {
			isa = XCConfigurationList;
			buildConfigurations = (
				85256F18233FD2E90048AE70 /* Debug */,
				85256F19233FD2E90048AE70 /* Release */,
			);
			defaultConfigurationIsVisible = 0;
			defaultConfigurationName = Release;
		};
		85256F1A233FD2E90048AE70 /* Build configuration list for PBXNativeTarget "FunnyMomentsTests" */ = {
			isa = XCConfigurationList;
			buildConfigurations = (
				85256F1B233FD2E90048AE70 /* Debug */,
				85256F1C233FD2E90048AE70 /* Release */,
			);
			defaultConfigurationIsVisible = 0;
			defaultConfigurationName = Release;
		};
		85256F1D233FD2E90048AE70 /* Build configuration list for PBXNativeTarget "FunnyMomentsUITests" */ = {
			isa = XCConfigurationList;
			buildConfigurations = (
				85256F1E233FD2E90048AE70 /* Debug */,
				85256F1F233FD2E90048AE70 /* Release */,
			);
			defaultConfigurationIsVisible = 0;
			defaultConfigurationName = Release;
		};
/* End XCConfigurationList section */
	};
	rootObject = 85256EE5233FD2E80048AE70 /* Project object */;
}
